
Microsoft Visual Studio Solution File, Format Version 12.00
# Visual Studio Version 17
VisualStudioVersion = 17.5.33627.172
MinimumVisualStudioVersion = 10.0.40219.1
Project("{FAE04EC0-301F-11D3-BF4B-00C04F79EFBC}") = "employeeDelegate", "employeeDelegate\employeeDelegate.csproj", "{D7D69B52-A74F-4166-8A53-67863CF9FA10}"
EndProject
Global
	GlobalSection(SolutionConfigurationPlatforms) = preSolution
		Debug|Any CPU = Debug|Any CPU
		Release|Any CPU = Release|Any CPU
	EndGlobalSection
	GlobalSection(ProjectConfigurationPlatforms) = postSolution
		{D7D69B52-A74F-4166-8A53-67863CF9FA10}.Debug|Any CPU.ActiveCfg = Debug|Any CPU
		{D7D69B52-A74F-4166-8A53-67863CF9FA10}.Debug|Any CPU.Build.0 = Debug|Any CPU
		{D7D69B52-A74F-4166-8A53-67863CF9FA10}.Release|Any CPU.ActiveCfg = Release|Any CPU
		{D7D69B52-A74F-4166-8A53-67863CF9FA10}.Release|Any CPU.Build.0 = Release|Any CPU
	EndGlobalSection
	GlobalSection(SolutionProperties) = preSolution
		HideSolutionNode = FALSE
	EndGlobalSection
	GlobalSection(ExtensibilityGlobals) = postSolution
		SolutionGuid = {AF259754-1290-4E85-B5D7-C40DECA3BC31}
	EndGlobalSection
EndGlobal
